
Microsoft Visual Studio Solution File, Format Version 12.00
# Visual Studio 15
VisualStudioVersion = 15.0.28307.136
MinimumVisualStudioVersion = 10.0.40219.1
Project("{FAE04EC0-301F-11D3-BF4B-00C04F79EFBC}") = "CSharpShell", "CSharpShell\CSharpShell.csproj", "{252B12D5-03F3-4263-B6AB-8C0CB2590719}"
EndProject
Global
	GlobalSection(SolutionConfigurationPlatforms) = preSolution
		Debug|Any CPU = Debug|Any CPU
		Release|Any CPU = Release|Any CPU
	EndGlobalSection
	GlobalSection(ProjectConfigurationPlatforms) = postSolution
		{252B12D5-03F3-4263-B6AB-8C0CB2590719}.Debug|Any CPU.ActiveCfg = Debug|Any CPU
		{252B12D5-03F3-4263-B6AB-8C0CB2590719}.Debug|Any CPU.Build.0 = Debug|Any CPU
		{252B12D5-03F3-4263-B6AB-8C0CB2590719}.Release|Any CPU.ActiveCfg = Release|Any CPU
		{252B12D5-03F3-4263-B6AB-8C0CB2590719}.Release|Any CPU.Build.0 = Release|Any CPU
	EndGlobalSection
	GlobalSection(SolutionProperties) = preSolution
		HideSolutionNode = FALSE
	EndGlobalSection
	GlobalSection(ExtensibilityGlobals) = postSolution
		SolutionGuid = {0360FB77-5321-4025-9868-71C677739F7D}
	EndGlobalSection
EndGlobal
